Microsoft Visual Studio Solution File, Format Version 12.00
# Visual Studio Version 17
VisualStudioVersion = 17.13.35919.96
MinimumVisualStudioVersion = 10.0.40219.1
Project("{FAE04EC0-301F-11D3-BF4B-00C04F79EFBC}") = "SmtpLogger", "SmtpLogger\SmtpLogger.csproj", "{7C3C98E2-BF0C-4156-80A8-35BF6C6B32F3}"
EndProject
Project("{FAE04EC0-301F-11D3-BF4B-00C04F79EFBC}") = "SmtpLogger.Sample", "SmtpLogger.Sample\SmtpLogger.Sample.csproj", "{4BA0DEE0-1281-4FCE-A907-F73E4A4471CC}"
EndProject
Project("{E53339B2-1760-4266-BCC7-CA923CBCF16C}") = "docker-compose", "docker-compose.dcproj", "{81DDED9D-158B-E303-5F62-77A2896D2A5A}"
EndProject
Project("{2150E333-8FDC-42A3-9474-1A3956D46DE8}") = "Solution Items", "Solution Items", "{8EC462FD-D22E-90A8-E5CE-7E832BA40C5D}"
	ProjectSection(SolutionItems) = preProject
		LICENSE.md = LICENSE.md
		README.md = README.md
	EndProjectSection
EndProject
Global
	GlobalSection(SolutionConfigurationPlatforms) = preSolution
		Debug|Any CPU = Debug|Any CPU
		Release|Any CPU = Release|Any CPU
	EndGlobalSection
	GlobalSection(ProjectConfigurationPlatforms) = postSolution
		{7C3C98E2-BF0C-4156-80A8-35BF6C6B32F3}.Debug|Any CPU.ActiveCfg = Debug|Any CPU
		{7C3C98E2-BF0C-4156-80A8-35BF6C6B32F3}.Debug|Any CPU.Build.0 = Debug|Any CPU
		{7C3C98E2-BF0C-4156-80A8-35BF6C6B32F3}.Release|Any CPU.ActiveCfg = Release|Any CPU
		{7C3C98E2-BF0C-4156-80A8-35BF6C6B32F3}.Release|Any CPU.Build.0 = Release|Any CPU
		{4BA0DEE0-1281-4FCE-A907-F73E4A4471CC}.Debug|Any CPU.ActiveCfg = Debug|Any CPU
		{4BA0DEE0-1281-4FCE-A907-F73E4A4471CC}.Debug|Any CPU.Build.0 = Debug|Any CPU
		{4BA0DEE0-1281-4FCE-A907-F73E4A4471CC}.Release|Any CPU.ActiveCfg = Release|Any CPU
		{4BA0DEE0-1281-4FCE-A907-F73E4A4471CC}.Release|Any CPU.Build.0 = Release|Any CPU
		{81DDED9D-158B-E303-5F62-77A2896D2A5A}.Debug|Any CPU.ActiveCfg = Debug|Any CPU
		{81DDED9D-158B-E303-5F62-77A2896D2A5A}.Debug|Any CPU.Build.0 = Debug|Any CPU
		{81DDED9D-158B-E303-5F62-77A2896D2A5A}.Release|Any CPU.ActiveCfg = Release|Any CPU
		{81DDED9D-158B-E303-5F62-77A2896D2A5A}.Release|Any CPU.Build.0 = Release|Any CPU
	EndGlobalSection
	GlobalSection(SolutionProperties) = preSolution
		HideSolutionNode = FALSE
	EndGlobalSection
	GlobalSection(ExtensibilityGlobals) = postSolution
		SolutionGuid = {561CF3DD-946F-4445-A96F-A182431B49E6}
	EndGlobalSection
EndGlobal
